
Microsoft Visual Studio Solution File, Format Version 12.00
# Visual Studio Version 17
VisualStudioVersion = 17.5.002.0
MinimumVisualStudioVersion = 10.0.40219.1
Project("{9A19103F-16F7-4668-BE54-9A1E7A4F7556}") = "AlternateProtocols", "AlternateProtocols.csproj", "{6B205D47-BA0A-4A91-B6FC-4DFC4E78E212}"
EndProject
Global
	GlobalSection(SolutionConfigurationPlatforms) = preSolution
		Debug|Any CPU = Debug|Any CPU
		Release|Any CPU = Release|Any CPU
	EndGlobalSection
	GlobalSection(ProjectConfigurationPlatforms) = postSolution
		{6B205D47-BA0A-4A91-B6FC-4DFC4E78E212}.Debug|Any CPU.ActiveCfg = Debug|Any CPU
		{6B205D47-BA0A-4A91-B6FC-4DFC4E78E212}.Debug|Any CPU.Build.0 = Debug|Any CPU
		{6B205D47-BA0A-4A91-B6FC-4DFC4E78E212}.Release|Any CPU.ActiveCfg = Release|Any CPU
		{6B205D47-BA0A-4A91-B6FC-4DFC4E78E212}.Release|Any CPU.Build.0 = Release|Any CPU
	EndGlobalSection
	GlobalSection(SolutionProperties) = preSolution
		HideSolutionNode = FALSE
	EndGlobalSection
	GlobalSection(ExtensibilityGlobals) = postSolution
		SolutionGuid = {567917FD-3C7A-487B-9DEA-7E285CF4E10B}
	EndGlobalSection
EndGlobal
